
Microsoft Visual Studio Solution File, Format Version 12.00
# Visual Studio Version 17
VisualStudioVersion = 17.0.31903.59
MinimumVisualStudioVersion = 10.0.40219.1
Project("{2150E333-8FDC-42A3-9474-1A3956D46DE8}") = "00. docs", "00. docs", "{0EEEA6E1-CF15-4AC2-B857-FFFA1D3CAEFC}"
	ProjectSection(SolutionItems) = preProject
		docs\STRUCTURE.md = docs\STRUCTURE.md
	EndProjectSection
EndProject
Project("{2150E333-8FDC-42A3-9474-1A3956D46DE8}") = "10. frameworks", "10. frameworks", "{D966E3FA-D84B-4D5D-B153-D5A0B79CEBC3}"
EndProject
Project("{2150E333-8FDC-42A3-9474-1A3956D46DE8}") = "20. packages", "20. packages", "{12A364EB-9356-4432-9D64-CA3C22131478}"
EndProject
Project("{2150E333-8FDC-42A3-9474-1A3956D46DE8}") = "40. tests", "40. tests", "{E79137DC-9E57-4B4D-AF15-20040AE4DA5D}"
EndProject
Project("{9A19103F-16F7-4668-BE54-9A1E7A4F7556}") = "Raggle.CoreTests", "tests\Raggle.CoreTests\Raggle.CoreTests.csproj", "{BDDAE76D-BC53-4BEB-9B5C-A77830CC3A66}"
EndProject
Project("{2150E333-8FDC-42A3-9474-1A3956D46DE8}") = "Solution Items", "Solution Items", "{A50A8012-0E5C-4FC2-B942-33FC87A965B1}"
	ProjectSection(SolutionItems) = preProject
		.editorconfig = .editorconfig
	EndProjectSection
EndProject
Project("{2150E333-8FDC-42A3-9474-1A3956D46DE8}") = "30. services", "30. services", "{D4891A9B-D61B-4F41-BFE2-3D2323203E1C}"
EndProject
Project("{9A19103F-16F7-4668-BE54-9A1E7A4F7556}") = "Raggle.Console", "src\services\Raggle.Console\Raggle.Console.csproj", "{11EF87A9-FF2A-40BC-A050-B267E8FFA31A}"
EndProject
Project("{9A19103F-16F7-4668-BE54-9A1E7A4F7556}") = "Raggle.Abstractions", "src\packages\Raggle.Abstractions\Raggle.Abstractions.csproj", "{62E4D861-B77F-42D3-B340-78230C852799}"
EndProject
Project("{9A19103F-16F7-4668-BE54-9A1E7A4F7556}") = "Raggle.Core", "src\packages\Raggle.Core\Raggle.Core.csproj", "{7591A39E-BB5F-4ED8-86DF-93375768E2D9}"
EndProject
Global
	GlobalSection(SolutionConfigurationPlatforms) = preSolution
		Debug|Any CPU = Debug|Any CPU
		Release|Any CPU = Release|Any CPU
	EndGlobalSection
	GlobalSection(ProjectConfigurationPlatforms) = postSolution
		{BDDAE76D-BC53-4BEB-9B5C-A77830CC3A66}.Debug|Any CPU.ActiveCfg = Debug|Any CPU
		{BDDAE76D-BC53-4BEB-9B5C-A77830CC3A66}.Debug|Any CPU.Build.0 = Debug|Any CPU
		{BDDAE76D-BC53-4BEB-9B5C-A77830CC3A66}.Release|Any CPU.ActiveCfg = Release|Any CPU
		{BDDAE76D-BC53-4BEB-9B5C-A77830CC3A66}.Release|Any CPU.Build.0 = Release|Any CPU
		{11EF87A9-FF2A-40BC-A050-B267E8FFA31A}.Debug|Any CPU.ActiveCfg = Debug|Any CPU
		{11EF87A9-FF2A-40BC-A050-B267E8FFA31A}.Debug|Any CPU.Build.0 = Debug|Any CPU
		{11EF87A9-FF2A-40BC-A050-B267E8FFA31A}.Release|Any CPU.ActiveCfg = Release|Any CPU
		{11EF87A9-FF2A-40BC-A050-B267E8FFA31A}.Release|Any CPU.Build.0 = Release|Any CPU
		{62E4D861-B77F-42D3-B340-78230C852799}.Debug|Any CPU.ActiveCfg = Debug|Any CPU
		{62E4D861-B77F-42D3-B340-78230C852799}.Debug|Any CPU.Build.0 = Debug|Any CPU
		{62E4D861-B77F-42D3-B340-78230C852799}.Release|Any CPU.ActiveCfg = Release|Any CPU
		{62E4D861-B77F-42D3-B340-78230C852799}.Release|Any CPU.Build.0 = Release|Any CPU
		{7591A39E-BB5F-4ED8-86DF-93375768E2D9}.Debug|Any CPU.ActiveCfg = Debug|Any CPU
		{7591A39E-BB5F-4ED8-86DF-93375768E2D9}.Debug|Any CPU.Build.0 = Debug|Any CPU
		{7591A39E-BB5F-4ED8-86DF-93375768E2D9}.Release|Any CPU.ActiveCfg = Release|Any CPU
		{7591A39E-BB5F-4ED8-86DF-93375768E2D9}.Release|Any CPU.Build.0 = Release|Any CPU
	EndGlobalSection
	GlobalSection(SolutionProperties) = preSolution
		HideSolutionNode = FALSE
	EndGlobalSection
	GlobalSection(NestedProjects) = preSolution
		{BDDAE76D-BC53-4BEB-9B5C-A77830CC3A66} = {E79137DC-9E57-4B4D-AF15-20040AE4DA5D}
		{11EF87A9-FF2A-40BC-A050-B267E8FFA31A} = {D4891A9B-D61B-4F41-BFE2-3D2323203E1C}
		{62E4D861-B77F-42D3-B340-78230C852799} = {12A364EB-9356-4432-9D64-CA3C22131478}
		{7591A39E-BB5F-4ED8-86DF-93375768E2D9} = {12A364EB-9356-4432-9D64-CA3C22131478}
	EndGlobalSection
	GlobalSection(ExtensibilityGlobals) = postSolution
		SolutionGuid = {6F39F8A9-D306-4751-B5C7-385BB668B8B0}
	EndGlobalSection
EndGlobal
